
Microsoft Visual Studio Solution File, Format Version 12.00
# Visual Studio Version 17
VisualStudioVersion = 17.5.002.0
MinimumVisualStudioVersion = 10.0.40219.1
Project("{9A19103F-16F7-4668-BE54-9A1E7A4F7556}") = "NumGen", "NumGen\NumGen.csproj", "{0BD32C52-04CF-49AE-8795-C40F21B60715}"
EndProject
Global
	GlobalSection(SolutionConfigurationPlatforms) = preSolution
		Debug|Any CPU = Debug|Any CPU
		Release|Any CPU = Release|Any CPU
	EndGlobalSection
	GlobalSection(ProjectConfigurationPlatforms) = postSolution
		{0BD32C52-04CF-49AE-8795-C40F21B60715}.Debug|Any CPU.ActiveCfg = Debug|Any CPU
		{0BD32C52-04CF-49AE-8795-C40F21B60715}.Debug|Any CPU.Build.0 = Debug|Any CPU
		{0BD32C52-04CF-49AE-8795-C40F21B60715}.Release|Any CPU.ActiveCfg = Release|Any CPU
		{0BD32C52-04CF-49AE-8795-C40F21B60715}.Release|Any CPU.Build.0 = Release|Any CPU
	EndGlobalSection
	GlobalSection(SolutionProperties) = preSolution
		HideSolutionNode = FALSE
	EndGlobalSection
	GlobalSection(ExtensibilityGlobals) = postSolution
		SolutionGuid = {48CE0ED4-8CF4-4B02-B335-6B41C325E31F}
	EndGlobalSection
EndGlobal
